
Microsoft Visual Studio Solution File, Format Version 12.00
# Visual Studio Version 17
VisualStudioVersion = 17.2.32630.192
MinimumVisualStudioVersion = 10.0.40219.1
Project("{9A19103F-16F7-4668-BE54-9A1E7A4F7556}") = "Anonymous Type", "Anonymous Type\Anonymous Type.csproj", "{B075F571-E525-4F8C-B8AC-D03C8349EC7F}"
EndProject
Project("{9A19103F-16F7-4668-BE54-9A1E7A4F7556}") = "Destructor", "Destructor\Destructor.csproj", "{85849506-E292-49AB-AD5A-66BE7725FBA0}"
EndProject
Project("{9A19103F-16F7-4668-BE54-9A1E7A4F7556}") = "Extention_Menthod", "Extention_Menthod\Extention_Menthod.csproj", "{458A8E13-A4C1-49F8-A4CF-2E060E84A2AA}"
EndProject
Project("{9A19103F-16F7-4668-BE54-9A1E7A4F7556}") = "Instantiating", "Instantiating\Instantiating.csproj", "{15E152F0-143F-4E18-8725-7FFCF732BA30}"
EndProject
Project("{FAE04EC0-301F-11D3-BF4B-00C04F79EFBC}") = "Method", "Method\Method.csproj", "{AA37092A-48FE-4E7A-A9AE-7C8A08915962}"
EndProject
Project("{FAE04EC0-301F-11D3-BF4B-00C04F79EFBC}") = "Module6", "OutParamenters\Module6.csproj", "{E219B1A1-E927-4632-8334-283EA3F78400}"
EndProject
Project("{FAE04EC0-301F-11D3-BF4B-00C04F79EFBC}") = "Constructors", "Constructors\Constructors.csproj", "{6929AE19-A4FA-42B9-8E4F-B36568E8DB55}"
EndProject
Global
	GlobalSection(SolutionConfigurationPlatforms) = preSolution
		Debug|Any CPU = Debug|Any CPU
		Release|Any CPU = Release|Any CPU
	EndGlobalSection
	GlobalSection(ProjectConfigurationPlatforms) = postSolution
		{B075F571-E525-4F8C-B8AC-D03C8349EC7F}.Debug|Any CPU.ActiveCfg = Debug|Any CPU
		{B075F571-E525-4F8C-B8AC-D03C8349EC7F}.Debug|Any CPU.Build.0 = Debug|Any CPU
		{B075F571-E525-4F8C-B8AC-D03C8349EC7F}.Release|Any CPU.ActiveCfg = Release|Any CPU
		{B075F571-E525-4F8C-B8AC-D03C8349EC7F}.Release|Any CPU.Build.0 = Release|Any CPU
		{85849506-E292-49AB-AD5A-66BE7725FBA0}.Debug|Any CPU.ActiveCfg = Debug|Any CPU
		{85849506-E292-49AB-AD5A-66BE7725FBA0}.Debug|Any CPU.Build.0 = Debug|Any CPU
		{85849506-E292-49AB-AD5A-66BE7725FBA0}.Release|Any CPU.ActiveCfg = Release|Any CPU
		{85849506-E292-49AB-AD5A-66BE7725FBA0}.Release|Any CPU.Build.0 = Release|Any CPU
		{458A8E13-A4C1-49F8-A4CF-2E060E84A2AA}.Debug|Any CPU.ActiveCfg = Debug|Any CPU
		{458A8E13-A4C1-49F8-A4CF-2E060E84A2AA}.Debug|Any CPU.Build.0 = Debug|Any CPU
		{458A8E13-A4C1-49F8-A4CF-2E060E84A2AA}.Release|Any CPU.ActiveCfg = Release|Any CPU
		{458A8E13-A4C1-49F8-A4CF-2E060E84A2AA}.Release|Any CPU.Build.0 = Release|Any CPU
		{15E152F0-143F-4E18-8725-7FFCF732BA30}.Debug|Any CPU.ActiveCfg = Debug|Any CPU
		{15E152F0-143F-4E18-8725-7FFCF732BA30}.Debug|Any CPU.Build.0 = Debug|Any CPU
		{15E152F0-143F-4E18-8725-7FFCF732BA30}.Release|Any CPU.ActiveCfg = Release|Any CPU
		{15E152F0-143F-4E18-8725-7FFCF732BA30}.Release|Any CPU.Build.0 = Release|Any CPU
		{AA37092A-48FE-4E7A-A9AE-7C8A08915962}.Debug|Any CPU.ActiveCfg = Debug|Any CPU
		{AA37092A-48FE-4E7A-A9AE-7C8A08915962}.Debug|Any CPU.Build.0 = Debug|Any CPU
		{AA37092A-48FE-4E7A-A9AE-7C8A08915962}.Release|Any CPU.ActiveCfg = Release|Any CPU
		{AA37092A-48FE-4E7A-A9AE-7C8A08915962}.Release|Any CPU.Build.0 = Release|Any CPU
		{E219B1A1-E927-4632-8334-283EA3F78400}.Debug|Any CPU.ActiveCfg = Debug|Any CPU
		{E219B1A1-E927-4632-8334-283EA3F78400}.Debug|Any CPU.Build.0 = Debug|Any CPU
		{E219B1A1-E927-4632-8334-283EA3F78400}.Release|Any CPU.ActiveCfg = Release|Any CPU
		{E219B1A1-E927-4632-8334-283EA3F78400}.Release|Any CPU.Build.0 = Release|Any CPU
		{6929AE19-A4FA-42B9-8E4F-B36568E8DB55}.Debug|Any CPU.ActiveCfg = Debug|Any CPU
		{6929AE19-A4FA-42B9-8E4F-B36568E8DB55}.Debug|Any CPU.Build.0 = Debug|Any CPU
		{6929AE19-A4FA-42B9-8E4F-B36568E8DB55}.Release|Any CPU.ActiveCfg = Release|Any CPU
		{6929AE19-A4FA-42B9-8E4F-B36568E8DB55}.Release|Any CPU.Build.0 = Release|Any CPU
	EndGlobalSection
	GlobalSection(SolutionProperties) = preSolution
		HideSolutionNode = FALSE
	EndGlobalSection
	GlobalSection(ExtensibilityGlobals) = postSolution
		SolutionGuid = {51A5A45A-8A3F-404A-9C12-2A949675014E}
	EndGlobalSection
EndGlobal
